
Microsoft Visual Studio Solution File, Format Version 12.00
Project("{FAE04EC0-301F-11D3-BF4B-00C04F79EFBC}") = "Task4ya.Domain", "Task4ya.Domain\Task4ya.Domain.csproj", "{AA6BF30F-D7E6-4D72-89CB-CCF67B44513B}"
EndProject
Project("{FAE04EC0-301F-11D3-BF4B-00C04F79EFBC}") = "Task4ya.Application", "Task4ya.Application\Task4ya.Application.csproj", "{32CDAFC6-DA13-4A12-BB79-D1159B9CC297}"
EndProject
Project("{FAE04EC0-301F-11D3-BF4B-00C04F79EFBC}") = "Task4ya.Infrastructure", "Task4ya.Infrastructure\Task4ya.Infrastructure.csproj", "{614F1C7E-C2E3-44EE-BE37-D37F2B539239}"
EndProject
Project("{FAE04EC0-301F-11D3-BF4B-00C04F79EFBC}") = "Task4ya.Api", "Task4ya.Api\Task4ya.Api.csproj", "{68E017A9-D127-4D54-9986-5C50EFC4A592}"
EndProject
Project("{2150E333-8FDC-42A3-9474-1A3956D46DE8}") = "Solution Items", "Solution Items", "{62608C55-3872-4E23-A7DE-3BFBDE68B121}"
	ProjectSection(SolutionItems) = preProject
		compose.yaml = compose.yaml
	EndProjectSection
EndProject
Global
	GlobalSection(SolutionConfigurationPlatforms) = preSolution
		Debug|Any CPU = Debug|Any CPU
		Release|Any CPU = Release|Any CPU
	EndGlobalSection
	GlobalSection(ProjectConfigurationPlatforms) = postSolution
		{AA6BF30F-D7E6-4D72-89CB-CCF67B44513B}.Debug|Any CPU.ActiveCfg = Debug|Any CPU
		{AA6BF30F-D7E6-4D72-89CB-CCF67B44513B}.Debug|Any CPU.Build.0 = Debug|Any CPU
		{AA6BF30F-D7E6-4D72-89CB-CCF67B44513B}.Release|Any CPU.ActiveCfg = Release|Any CPU
		{AA6BF30F-D7E6-4D72-89CB-CCF67B44513B}.Release|Any CPU.Build.0 = Release|Any CPU
		{32CDAFC6-DA13-4A12-BB79-D1159B9CC297}.Debug|Any CPU.ActiveCfg = Debug|Any CPU
		{32CDAFC6-DA13-4A12-BB79-D1159B9CC297}.Debug|Any CPU.Build.0 = Debug|Any CPU
		{32CDAFC6-DA13-4A12-BB79-D1159B9CC297}.Release|Any CPU.ActiveCfg = Release|Any CPU
		{32CDAFC6-DA13-4A12-BB79-D1159B9CC297}.Release|Any CPU.Build.0 = Release|Any CPU
		{614F1C7E-C2E3-44EE-BE37-D37F2B539239}.Debug|Any CPU.ActiveCfg = Debug|Any CPU
		{614F1C7E-C2E3-44EE-BE37-D37F2B539239}.Debug|Any CPU.Build.0 = Debug|Any CPU
		{614F1C7E-C2E3-44EE-BE37-D37F2B539239}.Release|Any CPU.ActiveCfg = Release|Any CPU
		{614F1C7E-C2E3-44EE-BE37-D37F2B539239}.Release|Any CPU.Build.0 = Release|Any CPU
		{68E017A9-D127-4D54-9986-5C50EFC4A592}.Debug|Any CPU.ActiveCfg = Debug|Any CPU
		{68E017A9-D127-4D54-9986-5C50EFC4A592}.Debug|Any CPU.Build.0 = Debug|Any CPU
		{68E017A9-D127-4D54-9986-5C50EFC4A592}.Release|Any CPU.ActiveCfg = Release|Any CPU
		{68E017A9-D127-4D54-9986-5C50EFC4A592}.Release|Any CPU.Build.0 = Release|Any CPU
	EndGlobalSection
EndGlobal
